
Microsoft Visual Studio Solution File, Format Version 12.00
# Visual Studio 15
VisualStudioVersion = 15.0.28307.271
MinimumVisualStudioVersion = 10.0.40219.1
Project("{8BC9CEB8-8B4A-11D0-8D11-00A0C91BC942}") = "adiacenta", "adiacenta\adiacenta.vcxproj", "{634D32E1-211B-4167-B9F6-4331649ABFCD}"
EndProject
Global
	GlobalSection(SolutionConfigurationPlatforms) = preSolution
		Debug|x64 = Debug|x64
		Debug|x86 = Debug|x86
		Release|x64 = Release|x64
		Release|x86 = Release|x86
	EndGlobalSection
	GlobalSection(ProjectConfigurationPlatforms) = postSolution
		{634D32E1-211B-4167-B9F6-4331649ABFCD}.Debug|x64.ActiveCfg = Debug|x64
		{634D32E1-211B-4167-B9F6-4331649ABFCD}.Debug|x64.Build.0 = Debug|x64
		{634D32E1-211B-4167-B9F6-4331649ABFCD}.Debug|x86.ActiveCfg = Debug|Win32
		{634D32E1-211B-4167-B9F6-4331649ABFCD}.Debug|x86.Build.0 = Debug|Win32
		{634D32E1-211B-4167-B9F6-4331649ABFCD}.Release|x64.ActiveCfg = Release|x64
		{634D32E1-211B-4167-B9F6-4331649ABFCD}.Release|x64.Build.0 = Release|x64
		{634D32E1-211B-4167-B9F6-4331649ABFCD}.Release|x86.ActiveCfg = Release|Win32
		{634D32E1-211B-4167-B9F6-4331649ABFCD}.Release|x86.Build.0 = Release|Win32
	EndGlobalSection
	GlobalSection(SolutionProperties) = preSolution
		HideSolutionNode = FALSE
	EndGlobalSection
	GlobalSection(ExtensibilityGlobals) = postSolution
		SolutionGuid = {B9CD0CC7-0579-479C-BFC8-45A1135D37A6}
	EndGlobalSection
EndGlobal
